# THIS IS AN AUTOGENERATED FILE. DO NOT EDIT THIS FILE DIRECTLY.
# yarn lockfile v1


"@ant-design/colors@^6.0.0":
  version "6.0.0"
  resolved "https://registry.yarnpkg.com/@ant-design/colors/-/colors-6.0.0.tgz#9b9366257cffcc47db42b9d0203bb592c13c0298"
  dependencies:
    "@ctrl/tinycolor" "^3.4.0"

"@ant-design/icons-svg@^4.0.0":
  version "4.1.0"
  resolved "https://registry.yarnpkg.com/@ant-design/icons-svg/-/icons-svg-4.1.0.tgz#480b025f4b20ef7fe8f47d4a4846e4fee84ea06c"

"@ant-design/icons@^4.6.2":
  version "4.6.2"
  resolved "https://registry.yarnpkg.com/@ant-design/icons/-/icons-4.6.2.tgz#290f2e8cde505ab081fda63e511e82d3c48be982"
  dependencies:
    "@ant-design/colors" "^6.0.0"
    "@ant-design/icons-svg" "^4.0.0"
    "@babel/runtime" "^7.11.2"
    classnames "^2.2.6"
    rc-util "^5.9.4"

"@ant-design/react-slick@~0.28.1":
  version "0.28.3"
  resolved "https://registry.yarnpkg.com/@ant-design/react-slick/-/react-slick-0.28.3.tgz#ad5cf1cf50363c1a3842874d69d0ce1f26696e71"
  dependencies:
    "@babel/runtime" "^7.10.4"
    classnames "^2.2.5"
    json2mq "^0.2.0"
    lodash "^4.17.21"
    resize-observer-polyfill "^1.5.0"

"@babel/runtime@^7.10.1", "@babel/runtime@^7.10.2", "@babel/runtime@^7.10.4", "@babel/runtime@^7.11.1", "@babel/runtime@^7.11.2", "@babel/runtime@^7.12.5", "@babel/runtime@^7.8.4":
  version "7.14.0"
  resolved "https://registry.yarnpkg.com/@babel/runtime/-/runtime-7.14.0.tgz#46794bc20b612c5f75e62dd071e24dfd95f1cbe6"
  dependencies:
    regenerator-runtime "^0.13.4"

"@better-scroll/core@^2.0.7", "@better-scroll/core@^2.3.1":
  version "2.3.1"
  resolved "https://registry.yarnpkg.com/@better-scroll/core/-/core-2.3.1.tgz#4c29a3b7ea462c659dba0a288a060ddb1a4dde14"
  dependencies:
    "@better-scroll/shared-utils" "^2.3.1"

"@better-scroll/infinity@^2.0.7":
  version "2.3.1"
  resolved "https://registry.yarnpkg.com/@better-scroll/infinity/-/infinity-2.3.1.tgz#862d5afeb51224dbff4d7ed477cefd94fecff164"
  dependencies:
    "@better-scroll/core" "^2.3.1"

"@better-scroll/mouse-wheel@^2.0.7":
  version "2.3.1"
  resolved "https://registry.yarnpkg.com/@better-scroll/mouse-wheel/-/mouse-wheel-2.3.1.tgz#486f72cac74d8bdf46524d4aac68bb6f273016dd"
  dependencies:
    "@better-scroll/core" "^2.3.1"

"@better-scroll/movable@^2.0.7":
  version "2.3.1"
  resolved "https://registry.yarnpkg.com/@better-scroll/movable/-/movable-2.3.1.tgz#82bfbccf5fad84443b465616b2d14a40b13995a1"
  dependencies:
    "@better-scroll/core" "^2.3.1"

"@better-scroll/nested-scroll@^2.0.7":
  version "2.3.1"
  resolved "https://registry.yarnpkg.com/@better-scroll/nested-scroll/-/nested-scroll-2.3.1.tgz#d8ca13cec7e36449a1536c26b52fe633dc68c914"
  dependencies:
    "@better-scroll/core" "^2.3.1"

"@better-scroll/observe-dom@^2.0.7":
  version "2.3.1"
  resolved "https://registry.yarnpkg.com/@better-scroll/observe-dom/-/observe-dom-2.3.1.tgz#bfb09456305b8a47dae60804d7647f9db36ae104"
  dependencies:
    "@better-scroll/core" "^2.3.1"

"@better-scroll/pull-down@^2.0.7":
  version "2.3.1"
  resolved "https://registry.yarnpkg.com/@better-scroll/pull-down/-/pull-down-2.3.1.tgz#275ac78f83e9207dbc5a374173375b7df763d09c"
  dependencies:
    "@better-scroll/core" "^2.3.1"

"@better-scroll/pull-up@^2.0.7":
  version "2.3.1"
  resolved "https://registry.yarnpkg.com/@better-scroll/pull-up/-/pull-up-2.3.1.tgz#9b167d8e28455c112e6098b6ce9656a67c07b090"
  dependencies:
    "@better-scroll/core" "^2.3.1"

"@better-scroll/scroll-bar@^2.0.7":
  version "2.3.1"
  resolved "https://registry.yarnpkg.com/@better-scroll/scroll-bar/-/scroll-bar-2.3.1.tgz#f66efc342f771ade52016a721a2a6154833b51cf"
  dependencies:
    "@better-scroll/core" "^2.3.1"

"@better-scroll/shared-utils@^2.3.1":
  version "2.3.1"
  resolved "https://registry.yarnpkg.com/@better-scroll/shared-utils/-/shared-utils-2.3.1.tgz#e863a6ed32aa79d37870dafe26b052827017a88f"

"@better-scroll/slide@^2.0.7":
  version "2.3.1"
  resolved "https://registry.yarnpkg.com/@better-scroll/slide/-/slide-2.3.1.tgz#9177028ff6dcd866ba4fdd4ca87d5cf54bf57684"
  dependencies:
    "@better-scroll/core" "^2.3.1"

"@better-scroll/wheel@^2.0.7":
  version "2.3.1"
  resolved "https://registry.yarnpkg.com/@better-scroll/wheel/-/wheel-2.3.1.tgz#f64776724f3287a7c420d238a175a7b3c8c85685"
  dependencies:
    "@better-scroll/core" "^2.3.1"

"@better-scroll/zoom@^2.0.7":
  version "2.3.1"
  resolved "https://registry.yarnpkg.com/@better-scroll/zoom/-/zoom-2.3.1.tgz#0addef4a5dacd3d3b8f23fa6a937bdec05338b0e"
  dependencies:
    "@better-scroll/core" "^2.3.1"

"@ctrl/tinycolor@^3.4.0":
  version "3.4.0"
  resolved "https://registry.yarnpkg.com/@ctrl/tinycolor/-/tinycolor-3.4.0.tgz#c3c5ae543c897caa9c2a68630bed355be5f9990f"

"@zarm-design/icons@^0.1.0":
  version "0.1.0"
  resolved "https://registry.yarnpkg.com/@zarm-design/icons/-/icons-0.1.0.tgz#923f65f029e35a1d2e03d37749da9e8de96716bc"
  dependencies:
    classnames "^2.3.1"

antd-form-render@^1.1.2:
  version "1.1.2"
  resolved "https://registry.yarnpkg.com/antd-form-render/-/antd-form-render-1.1.2.tgz#6f508a39af143f1f71328e0e402bdcae5a421e40"

antd@^4.15.6:
  version "4.15.6"
  resolved "https://registry.yarnpkg.com/antd/-/antd-4.15.6.tgz#bc4359b8f232c8bbb073d7236446edc9aa658d38"
  dependencies:
    "@ant-design/colors" "^6.0.0"
    "@ant-design/icons" "^4.6.2"
    "@ant-design/react-slick" "~0.28.1"
    "@babel/runtime" "^7.12.5"
    array-tree-filter "^2.1.0"
    classnames "^2.2.6"
    copy-to-clipboard "^3.2.0"
    lodash "^4.17.21"
    moment "^2.25.3"
    rc-cascader "~1.4.0"
    rc-checkbox "~2.3.0"
    rc-collapse "~3.1.0"
    rc-dialog "~8.5.1"
    rc-drawer "~4.3.0"
    rc-dropdown "~3.2.0"
    rc-field-form "~1.20.0"
    rc-image "~5.2.4"
    rc-input-number "~7.1.0"
    rc-mentions "~1.5.0"
    rc-menu "~8.10.0"
    rc-motion "^2.4.0"
    rc-notification "~4.5.2"
    rc-pagination "~3.1.6"
    rc-picker "~2.5.10"
    rc-progress "~3.1.0"
    rc-rate "~2.9.0"
    rc-resize-observer "^1.0.0"
    rc-select "~12.1.6"
    rc-slider "~9.7.1"
    rc-steps "~4.1.0"
    rc-switch "~3.2.0"
    rc-table "~7.13.0"
    rc-tabs "~11.7.0"
    rc-textarea "~0.3.0"
    rc-tooltip "~5.1.1"
    rc-tree "~4.1.0"
    rc-tree-select "~4.3.0"
    rc-trigger "^5.2.1"
    rc-upload "~4.3.0"
    rc-util "^5.9.4"
    scroll-into-view-if-needed "^2.2.25"
    warning "^4.0.3"

anymatch@~3.1.1:
  version "3.1.2"
  resolved "https://registry.npm.taobao.org/anymatch/download/anymatch-3.1.2.tgz#c0557c096af32f106198f4f4e2a383537e378716"
  integrity sha1-wFV8CWrzLxBhmPT04qODU343hxY=
  dependencies:
    normalize-path "^3.0.0"
    picomatch "^2.0.4"

array-tree-filter@^2.1.0:
  version "2.1.0"
  resolved "https://registry.yarnpkg.com/array-tree-filter/-/array-tree-filter-2.1.0.tgz#873ac00fec83749f255ac8dd083814b4f6329190"

async-validator@^3.0.3:
  version "3.5.2"
  resolved "https://registry.yarnpkg.com/async-validator/-/async-validator-3.5.2.tgz#68e866a96824e8b2694ff7a831c1a25c44d5e500"

balanced-match@^1.0.0:
  version "1.0.2"
  resolved "https://registry.yarnpkg.com/balanced-match/-/balanced-match-1.0.2.tgz#e83e3a7e3f300b34cb9d87f615fa0cbf357690ee"

better-scroll@2.0.7:
  version "2.0.7"
  resolved "https://registry.yarnpkg.com/better-scroll/-/better-scroll-2.0.7.tgz#d671084cb45d716cb6a064707c7df5988cf76fcd"
  dependencies:
    "@better-scroll/core" "^2.0.7"
    "@better-scroll/infinity" "^2.0.7"
    "@better-scroll/mouse-wheel" "^2.0.7"
    "@better-scroll/movable" "^2.0.7"
    "@better-scroll/nested-scroll" "^2.0.7"
    "@better-scroll/observe-dom" "^2.0.7"
    "@better-scroll/pull-down" "^2.0.7"
    "@better-scroll/pull-up" "^2.0.7"
    "@better-scroll/scroll-bar" "^2.0.7"
    "@better-scroll/slide" "^2.0.7"
    "@better-scroll/wheel" "^2.0.7"
    "@better-scroll/zoom" "^2.0.7"

binary-extensions@^2.0.0:
  version "2.2.0"
  resolved "https://registry.npm.taobao.org/binary-extensions/download/binary-extensions-2.2.0.tgz?cache=0&sync_timestamp=1610299268308&other_urls=https%3A%2F%2Fregistry.npm.taobao.org%2Fbinary-extensions%2Fdownload%2Fbinary-extensions-2.2.0.tgz#75f502eeaf9ffde42fc98829645be4ea76bd9e2d"
  integrity sha1-dfUC7q+f/eQvyYgpZFvk6na9ni0=

brace-expansion@^1.1.7:
  version "1.1.11"
  resolved "https://registry.yarnpkg.com/brace-expansion/-/brace-expansion-1.1.11.tgz#3c7fcbf529d87226f3d2f52b966ff5271eb441dd"
  dependencies:
    balanced-match "^1.0.0"
    concat-map "0.0.1"

braces@~3.0.2:
  version "3.0.2"
  resolved "https://registry.npm.taobao.org/braces/download/braces-3.0.2.tgz#3454e1a462ee8d599e236df336cd9ea4f8afe107"
  integrity sha1-NFThpGLujVmeI23zNs2epPiv4Qc=
  dependencies:
    fill-range "^7.0.1"

"chokidar@>=3.0.0 <4.0.0":
  version "3.5.1"
  resolved "https://registry.nlark.com/chokidar/download/chokidar-3.5.1.tgz?cache=0&sync_timestamp=1618847173905&other_urls=https%3A%2F%2Fregistry.nlark.com%2Fchokidar%2Fdownload%2Fchokidar-3.5.1.tgz#ee9ce7bbebd2b79f49f304799d5468e31e14e68a"
  integrity sha1-7pznu+vSt59J8wR5nVRo4x4U5oo=
  dependencies:
    anymatch "~3.1.1"
    braces "~3.0.2"
    glob-parent "~5.1.0"
    is-binary-path "~2.1.0"
    is-glob "~4.0.1"
    normalize-path "~3.0.0"
    readdirp "~3.5.0"
  optionalDependencies:
    fsevents "~2.3.1"

classnames@2.2.6:
  version "2.2.6"
  resolved "https://registry.yarnpkg.com/classnames/-/classnames-2.2.6.tgz#43935bffdd291f326dad0a205309b38d00f650ce"

classnames@2.x, classnames@^2.2.1, classnames@^2.2.3, classnames@^2.2.5, classnames@^2.2.6, classnames@^2.3.1:
  version "2.3.1"
  resolved "https://registry.yarnpkg.com/classnames/-/classnames-2.3.1.tgz#dfcfa3891e306ec1dad105d0e88f4417b8535e8e"

color-convert@^1.9.1:
  version "1.9.3"
  resolved "https://registry.yarnpkg.com/color-convert/-/color-convert-1.9.3.tgz#bb71850690e1f136567de629d2d5471deda4c1e8"
  dependencies:
    color-name "1.1.3"

color-name@1.1.3:
  version "1.1.3"
  resolved "https://registry.yarnpkg.com/color-name/-/color-name-1.1.3.tgz#a7d0558bd89c42f795dd42328f740831ca53bc25"

color-name@^1.0.0:
  version "1.1.4"
  resolved "https://registry.yarnpkg.com/color-name/-/color-name-1.1.4.tgz#c2a09a87acbde69543de6f63fa3995c826c536a2"

color-string@^1.5.4:
  version "1.5.5"
  resolved "https://registry.yarnpkg.com/color-string/-/color-string-1.5.5.tgz#65474a8f0e7439625f3d27a6a19d89fc45223014"
  dependencies:
    color-name "^1.0.0"
    simple-swizzle "^0.2.2"

color@^3.1.3:
  version "3.1.3"
  resolved "https://registry.yarnpkg.com/color/-/color-3.1.3.tgz#ca67fb4e7b97d611dcde39eceed422067d91596e"
  dependencies:
    color-convert "^1.9.1"
    color-string "^1.5.4"

colorette@^1.2.2:
  version "1.2.2"
  resolved "https://registry.yarnpkg.com/colorette/-/colorette-1.2.2.tgz#cbcc79d5e99caea2dbf10eb3a26fd8b3e6acfa94"

compute-scroll-into-view@^1.0.17:
  version "1.0.17"
  resolved "https://registry.yarnpkg.com/compute-scroll-into-view/-/compute-scroll-into-view-1.0.17.tgz#6a88f18acd9d42e9cf4baa6bec7e0522607ab7ab"

concat-map@0.0.1:
  version "0.0.1"
  resolved "https://registry.yarnpkg.com/concat-map/-/concat-map-0.0.1.tgz#d8a96bd77fd68df7793a73036a3ba0d5405d477b"

copy-anything@^2.0.1:
  version "2.0.3"
  resolved "https://registry.npm.taobao.org/copy-anything/download/copy-anything-2.0.3.tgz?cache=0&sync_timestamp=1612447113795&other_urls=https%3A%2F%2Fregistry.npm.taobao.org%2Fcopy-anything%2Fdownload%2Fcopy-anything-2.0.3.tgz#842407ba02466b0df844819bbe3baebbe5d45d87"
  integrity sha1-hCQHugJGaw34RIGbvjuuu+XUXYc=
  dependencies:
    is-what "^3.12.0"

copy-to-clipboard@^3.2.0:
  version "3.3.1"
  resolved "https://registry.yarnpkg.com/copy-to-clipboard/-/copy-to-clipboard-3.3.1.tgz#115aa1a9998ffab6196f93076ad6da3b913662ae"
  dependencies:
    toggle-selection "^1.0.6"

date-fns@^2.15.0:
  version "2.21.3"
  resolved "https://registry.yarnpkg.com/date-fns/-/date-fns-2.21.3.tgz#8f5f6889d7a96bbcc1f0ea50239b397a83357f9b"

debug@^3.2.6:
  version "3.2.7"
  resolved "https://registry.npm.taobao.org/debug/download/debug-3.2.7.tgz?cache=0&sync_timestamp=1607566571506&other_urls=https%3A%2F%2Fregistry.npm.taobao.org%2Fdebug%2Fdownload%2Fdebug-3.2.7.tgz#72580b7e9145fb39b6676f9c5e5fb100b934179a"
  integrity sha1-clgLfpFF+zm2Z2+cXl+xALk0F5o=
  dependencies:
    ms "^2.1.1"

dom-align@^1.7.0:
  version "1.12.1"
  resolved "https://registry.yarnpkg.com/dom-align/-/dom-align-1.12.1.tgz#aedbc2c312983b46ea6b7a4d636617336a490ee9"

errno@^0.1.1:
  version "0.1.8"
  resolved "https://registry.npm.taobao.org/errno/download/errno-0.1.8.tgz#8bb3e9c7d463be4976ff888f76b4809ebc2e811f"
  integrity sha1-i7Ppx9Rjvkl2/4iPdrSAnrwugR8=
  dependencies:
    prr "~1.0.1"

fill-range@^7.0.1:
  version "7.0.1"
  resolved "https://registry.nlark.com/fill-range/download/fill-range-7.0.1.tgz#1919a6a7c75fe38b2c7c77e5198535da9acdda40"
  integrity sha1-GRmmp8df44ssfHflGYU12prN2kA=
  dependencies:
    to-regex-range "^5.0.1"

fs.realpath@^1.0.0:
  version "1.0.0"
  resolved "https://registry.yarnpkg.com/fs.realpath/-/fs.realpath-1.0.0.tgz#1504ad2523158caa40db4a2787cb01411994ea4f"

fsevents@~2.3.1:
  version "2.3.2"
  resolved "https://registry.nlark.com/fsevents/download/fsevents-2.3.2.tgz#8a526f78b8fdf4623b709e0b975c52c24c02fd1a"
  integrity sha1-ilJveLj99GI7cJ4Ll1xSwkwC/Ro=

glob-parent@~5.1.0:
  version "5.1.2"
  resolved "https://registry.nlark.com/glob-parent/download/glob-parent-5.1.2.tgz?cache=0&sync_timestamp=1620073671816&other_urls=https%3A%2F%2Fregistry.nlark.com%2Fglob-parent%2Fdownload%2Fglob-parent-5.1.2.tgz#869832c58034fe68a4093c17dc15e8340d8401c4"
  integrity sha1-hpgyxYA0/mikCTwX3BXoNA2EAcQ=
  dependencies:
    is-glob "^4.0.1"

glob@^7.1.3:
  version "7.1.7"
  resolved "https://registry.yarnpkg.com/glob/-/glob-7.1.7.tgz#3b193e9233f01d42d0b3f78294bbeeb418f94a90"
  dependencies:
    fs.realpath "^1.0.0"
    inflight "^1.0.4"
    inherits "2"
    minimatch "^3.0.4"
    once "^1.3.0"
    path-is-absolute "^1.0.0"

graceful-fs@^4.1.2:
  version "4.2.6"
  resolved "https://registry.npm.taobao.org/graceful-fs/download/graceful-fs-4.2.6.tgz#ff040b2b0853b23c3d31027523706f1885d76bee"
  integrity sha1-/wQLKwhTsjw9MQJ1I3BvGIXXa+4=

hoist-non-react-statics@^3.3.0, hoist-non-react-statics@^3.3.2:
  version "3.3.2"
  resolved "https://registry.yarnpkg.com/hoist-non-react-statics/-/hoist-non-react-statics-3.3.2.tgz#ece0acaf71d62c2969c2ec59feff42a4b1a85b45"
  dependencies:
    react-is "^16.7.0"

iconv-lite@^0.4.4:
  version "0.4.24"
  resolved "https://registry.nlark.com/iconv-lite/download/iconv-lite-0.4.24.tgz#2022b4b25fbddc21d2f524974a474aafe733908b"
  integrity sha1-ICK0sl+93CHS9SSXSkdKr+czkIs=
  dependencies:
    safer-buffer ">= 2.1.2 < 3"

image-size@~0.5.0:
  version "0.5.5"
  resolved "https://registry.npm.taobao.org/image-size/download/image-size-0.5.5.tgz#09dfd4ab9d20e29eb1c3e80b8990378df9e3cb9c"
  integrity sha1-Cd/Uq50g4p6xw+gLiZA3jfnjy5w=

inflight@^1.0.4:
  version "1.0.6"
  resolved "https://registry.yarnpkg.com/inflight/-/inflight-1.0.6.tgz#49bd6331d7d02d0c09bc910a1075ba8165b56df9"
  dependencies:
    once "^1.3.0"
    wrappy "1"

inherits@2:
  version "2.0.4"
  resolved "https://registry.yarnpkg.com/inherits/-/inherits-2.0.4.tgz#0fa2c64f932917c3433a0ded55363aae37416b7c"

is-arrayish@^0.3.1:
  version "0.3.2"
  resolved "https://registry.yarnpkg.com/is-arrayish/-/is-arrayish-0.3.2.tgz#4574a2ae56f7ab206896fb431eaeed066fdf8f03"

is-binary-path@~2.1.0:
  version "2.1.0"
  resolved "https://registry.npm.taobao.org/is-binary-path/download/is-binary-path-2.1.0.tgz#ea1f7f3b80f064236e83470f86c09c254fb45b09"
  integrity sha1-6h9/O4DwZCNug0cPhsCcJU+0Wwk=
  dependencies:
    binary-extensions "^2.0.0"

is-extglob@^2.1.1:
  version "2.1.1"
  resolved "https://registry.nlark.com/is-extglob/download/is-extglob-2.1.1.tgz#a88c02535791f02ed37c76a1b9ea9773c833f8c2"
  integrity sha1-qIwCU1eR8C7TfHahueqXc8gz+MI=

is-glob@^4.0.1, is-glob@~4.0.1:
  version "4.0.1"
  resolved "https://registry.npm.taobao.org/is-glob/download/is-glob-4.0.1.tgz#7567dbe9f2f5e2467bc77ab83c4a29482407a5dc"
  integrity sha1-dWfb6fL14kZ7x3q4PEopSCQHpdw=
  dependencies:
    is-extglob "^2.1.1"

is-number@^7.0.0:
  version "7.0.0"
  resolved "https://registry.npm.taobao.org/is-number/download/is-number-7.0.0.tgz#7535345b896734d5f80c4d06c50955527a14f12b"
  integrity sha1-dTU0W4lnNNX4DE0GxQlVUnoU8Ss=

is-what@^3.12.0:
  version "3.14.1"
  resolved "https://registry.npm.taobao.org/is-what/download/is-what-3.14.1.tgz?cache=0&sync_timestamp=1615169639418&other_urls=https%3A%2F%2Fregistry.npm.taobao.org%2Fis-what%2Fdownload%2Fis-what-3.14.1.tgz#e1222f46ddda85dead0fd1c9df131760e77755c1"
  integrity sha1-4SIvRt3ahd6tD9HJ3xMXYOd3VcE=

"js-tokens@^3.0.0 || ^4.0.0":
  version "4.0.0"
  resolved "https://registry.yarnpkg.com/js-tokens/-/js-tokens-4.0.0.tgz#19203fb59991df98e3a287050d4647cdeaf32499"

json2mq@^0.2.0:
  version "0.2.0"
  resolved "https://registry.yarnpkg.com/json2mq/-/json2mq-0.2.0.tgz#b637bd3ba9eabe122c83e9720483aeb10d2c904a"
  dependencies:
    string-convert "^0.2.0"

less@^4.1.1:
  version "4.1.1"
  resolved "https://registry.npm.taobao.org/less/download/less-4.1.1.tgz#15bf253a9939791dc690888c3ff424f3e6c7edba"
  integrity sha1-Fb8lOpk5eR3GkIiMP/Qk8+bH7bo=
  dependencies:
    copy-anything "^2.0.1"
    parse-node-version "^1.0.1"
    tslib "^1.10.0"
  optionalDependencies:
    errno "^0.1.1"
    graceful-fs "^4.1.2"
    image-size "~0.5.0"
    make-dir "^2.1.0"
    mime "^1.4.1"
    needle "^2.5.2"
    source-map "~0.6.0"

lodash@^4.17.15, lodash@^4.17.21:
  version "4.17.21"
  resolved "https://registry.yarnpkg.com/lodash/-/lodash-4.17.21.tgz#679591c564c3bffaae8454cf0b3df370c3d6911c"

loose-envify@^1.0.0, loose-envify@^1.1.0, loose-envify@^1.4.0:
  version "1.4.0"
  resolved "https://registry.yarnpkg.com/loose-envify/-/loose-envify-1.4.0.tgz#71ee51fa7be4caec1a63839f7e682d8132d30caf"
  dependencies:
    js-tokens "^3.0.0 || ^4.0.0"

make-dir@^2.1.0:
  version "2.1.0"
  resolved "https://registry.npm.taobao.org/make-dir/download/make-dir-2.1.0.tgz#5f0310e18b8be898cc07009295a30ae41e91e6f5"
  integrity sha1-XwMQ4YuL6JjMBwCSlaMK5B6R5vU=
  dependencies:
    pify "^4.0.1"
    semver "^5.6.0"

mime@^1.4.1:
  version "1.6.0"
  resolved "https://registry.nlark.com/mime/download/mime-1.6.0.tgz#32cd9e5c64553bd58d19a568af452acff04981b1"
  integrity sha1-Ms2eXGRVO9WNGaVor0Uqz/BJgbE=

mini-store@^3.0.1:
  version "3.0.6"
  resolved "https://registry.yarnpkg.com/mini-store/-/mini-store-3.0.6.tgz#44b86be5b2877271224ce0689b3a35a2dffb1ca9"
  dependencies:
    hoist-non-react-statics "^3.3.2"
    shallowequal "^1.0.2"

minimatch@^3.0.4:
  version "3.0.4"
  resolved "https://registry.yarnpkg.com/minimatch/-/minimatch-3.0.4.tgz#5166e286457f03306064be5497e8dbb0c3d32083"
  dependencies:
    brace-expansion "^1.1.7"

moment@^2.24.0, moment@^2.25.3:
  version "2.29.1"
  resolved "https://registry.yarnpkg.com/moment/-/moment-2.29.1.tgz#b2be769fa31940be9eeea6469c075e35006fa3d3"

ms@^2.1.1:
  version "2.1.3"
  resolved "https://registry.npm.taobao.org/ms/download/ms-2.1.3.tgz?cache=0&sync_timestamp=1607433872491&other_urls=https%3A%2F%2Fregistry.npm.taobao.org%2Fms%2Fdownload%2Fms-2.1.3.tgz#574c8138ce1d2b5861f0b44579dbadd60c6615b2"
  integrity sha1-V0yBOM4dK1hh8LRFedut1gxmFbI=

nanoid@^3.1.23:
  version "3.1.23"
  resolved "https://registry.yarnpkg.com/nanoid/-/nanoid-3.1.23.tgz#f744086ce7c2bc47ee0a8472574d5c78e4183a81"

needle@^2.5.2:
  version "2.6.0"
  resolved "https://registry.nlark.com/needle/download/needle-2.6.0.tgz#24dbb55f2509e2324b4a99d61f413982013ccdbe"
  integrity sha1-JNu1XyUJ4jJLSpnWH0E5ggE8zb4=
  dependencies:
    debug "^3.2.6"
    iconv-lite "^0.4.4"
    sax "^1.2.4"

normalize-path@^3.0.0, normalize-path@~3.0.0:
  version "3.0.0"
  resolved "https://registry.nlark.com/normalize-path/download/normalize-path-3.0.0.tgz#0dcd69ff23a1c9b11fd0978316644a0388216a65"
  integrity sha1-Dc1p/yOhybEf0JeDFmRKA4ghamU=

normalize.css@8.0.1:
  version "8.0.1"
  resolved "https://registry.yarnpkg.com/normalize.css/-/normalize.css-8.0.1.tgz#9b98a208738b9cc2634caacbc42d131c97487bf3"

object-assign@>=4.0.1, object-assign@^4.1.1:
  version "4.1.1"
  resolved "https://registry.yarnpkg.com/object-assign/-/object-assign-4.1.1.tgz#2109adc7965887cfc05cbbd442cac8bfbb360863"

once@^1.3.0:
  version "1.4.0"
  resolved "https://registry.yarnpkg.com/once/-/once-1.4.0.tgz#583b1aa775961d4b113ac17d9c50baef9dd76bd1"
  dependencies:
    wrappy "1"

parse-node-version@^1.0.1:
  version "1.0.1"
  resolved "https://registry.npm.taobao.org/parse-node-version/download/parse-node-version-1.0.1.tgz#e2b5dbede00e7fa9bc363607f53327e8b073189b"
  integrity sha1-4rXb7eAOf6m8NjYH9TMn6LBzGJs=

path-is-absolute@^1.0.0:
  version "1.0.1"
  resolved "https://registry.yarnpkg.com/path-is-absolute/-/path-is-absolute-1.0.1.tgz#174b9268735534ffbc7ace6bf53a5a9e1b5c5f5f"

performance-now@^2.1.0:
  version "2.1.0"
  resolved "https://registry.yarnpkg.com/performance-now/-/performance-now-2.1.0.tgz#6309f4e0e5fa913ec1c69307ae364b4b377c9e7b"

picomatch@^2.0.4, picomatch@^2.2.1:
  version "2.3.0"
  resolved "https://registry.nlark.com/picomatch/download/picomatch-2.3.0.tgz#f1f061de8f6a4bf022892e2d128234fb98302972"
  integrity sha1-8fBh3o9qS/AiiS4tEoI0+5gwKXI=

pify@^4.0.1:
  version "4.0.1"
  resolved "https://registry.nlark.com/pify/download/pify-4.0.1.tgz?cache=0&sync_timestamp=1618847026395&other_urls=https%3A%2F%2Fregistry.nlark.com%2Fpify%2Fdownload%2Fpify-4.0.1.tgz#4b2cd25c50d598735c50292224fd8c6df41e3231"
  integrity sha1-SyzSXFDVmHNcUCkiJP2MbfQeMjE=

popper.js@^1.15.0:
  version "1.16.1"
  resolved "https://registry.yarnpkg.com/popper.js/-/popper.js-1.16.1.tgz#2a223cb3dc7b6213d740e40372be40de43e65b1b"

postcss-px-to-viewport@^1.1.1:
  version "1.1.1"
  resolved "https://registry.yarnpkg.com/postcss-px-to-viewport/-/postcss-px-to-viewport-1.1.1.tgz#a25ca410b553c9892cc8b525cc710da47bf1aa55"
  dependencies:
    object-assign ">=4.0.1"
    postcss ">=5.0.2"

postcss@>=5.0.2:
  version "8.3.0"
  resolved "https://registry.yarnpkg.com/postcss/-/postcss-8.3.0.tgz#b1a713f6172ca427e3f05ef1303de8b65683325f"
  dependencies:
    colorette "^1.2.2"
    nanoid "^3.1.23"
    source-map-js "^0.6.2"

prop-types@^15.6.2:
  version "15.7.2"
  resolved "https://registry.yarnpkg.com/prop-types/-/prop-types-15.7.2.tgz#52c41e75b8c87e72b9d9360e0206b99dcbffa6c5"
  dependencies:
    loose-envify "^1.4.0"
    object-assign "^4.1.1"
    react-is "^16.8.1"

prr@~1.0.1:
  version "1.0.1"
  resolved "https://registry.npm.taobao.org/prr/download/prr-1.0.1.tgz#d3fc114ba06995a45ec6893f484ceb1d78f5f476"
  integrity sha1-0/wRS6BplaRexok/SEzrHXj19HY=

raf@^3.4.1:
  version "3.4.1"
  resolved "https://registry.yarnpkg.com/raf/-/raf-3.4.1.tgz#0742e99a4a6552f445d73e3ee0328af0ff1ede39"
  dependencies:
    performance-now "^2.1.0"

rc-align@^4.0.0:
  version "4.0.9"
  resolved "https://registry.yarnpkg.com/rc-align/-/rc-align-4.0.9.tgz#46d8801c4a139ff6a65ad1674e8efceac98f85f2"
  dependencies:
    "@babel/runtime" "^7.10.1"
    classnames "2.x"
    dom-align "^1.7.0"
    rc-util "^5.3.0"
    resize-observer-polyfill "^1.5.1"

rc-cascader@~1.4.0:
  version "1.4.2"
  resolved "https://registry.yarnpkg.com/rc-cascader/-/rc-cascader-1.4.2.tgz#caa81098e3ef4d5f823f9156f6d8d6dbd6321afa"
  dependencies:
    "@babel/runtime" "^7.12.5"
    array-tree-filter "^2.1.0"
    rc-trigger "^5.0.4"
    rc-util "^5.0.1"
    warning "^4.0.1"

rc-checkbox@~2.3.0:
  version "2.3.2"
  resolved "https://registry.yarnpkg.com/rc-checkbox/-/rc-checkbox-2.3.2.tgz#f91b3678c7edb2baa8121c9483c664fa6f0aefc1"
  dependencies:
    "@babel/runtime" "^7.10.1"
    classnames "^2.2.1"

rc-collapse@~3.1.0:
  version "3.1.0"
  resolved "https://registry.yarnpkg.com/rc-collapse/-/rc-collapse-3.1.0.tgz#4ce5e612568c5fbeaf368cc39214471c1461a1a1"
  dependencies:
    "@babel/runtime" "^7.10.1"
    classnames "2.x"
    rc-motion "^2.3.4"
    rc-util "^5.2.1"
    shallowequal "^1.1.0"

rc-dialog@~8.5.0, rc-dialog@~8.5.1:
  version "8.5.2"
  resolved "https://registry.yarnpkg.com/rc-dialog/-/rc-dialog-8.5.2.tgz#530e289c25a31c15c85a0e8a4ba3f33414bff418"
  dependencies:
    "@babel/runtime" "^7.10.1"
    classnames "^2.2.6"
    rc-motion "^2.3.0"
    rc-util "^5.6.1"

rc-drawer@~4.3.0:
  version "4.3.1"
  resolved "https://registry.yarnpkg.com/rc-drawer/-/rc-drawer-4.3.1.tgz#356333a7af01b777abd685c96c2ce62efb44f3f3"
  dependencies:
    "@babel/runtime" "^7.10.1"
    classnames "^2.2.6"
    rc-util "^5.7.0"

rc-dropdown@^3.1.3, rc-dropdown@~3.2.0:
  version "3.2.0"
  resolved "https://registry.yarnpkg.com/rc-dropdown/-/rc-dropdown-3.2.0.tgz#da6c2ada403842baee3a9e909a0b1a91ba3e1090"
  dependencies:
    "@babel/runtime" "^7.10.1"
    classnames "^2.2.6"
    rc-trigger "^5.0.4"

rc-field-form@~1.20.0:
  version "1.20.1"
  resolved "https://registry.yarnpkg.com/rc-field-form/-/rc-field-form-1.20.1.tgz#d1c51888107cf075b42704b7b575bef84c359291"
  dependencies:
    "@babel/runtime" "^7.8.4"
    async-validator "^3.0.3"
    rc-util "^5.8.0"

rc-image@~5.2.4:
  version "5.2.4"
  resolved "https://registry.yarnpkg.com/rc-image/-/rc-image-5.2.4.tgz#ff1059f937bde6ca918c6f1beb316beba911f255"
  dependencies:
    "@babel/runtime" "^7.11.2"
    classnames "^2.2.6"
    rc-dialog "~8.5.0"
    rc-util "^5.0.6"

rc-input-number@~7.1.0:
  version "7.1.3"
  resolved "https://registry.yarnpkg.com/rc-input-number/-/rc-input-number-7.1.3.tgz#152872d77bf0958980017127622772db652924c0"
  dependencies:
    "@babel/runtime" "^7.10.1"
    classnames "^2.2.5"
    rc-util "^5.9.8"

rc-mentions@~1.5.0:
  version "1.5.3"
  resolved "https://registry.yarnpkg.com/rc-mentions/-/rc-mentions-1.5.3.tgz#b92bebadf8ad9fb3586ba1af922d63b49d991c67"
  dependencies:
    "@babel/runtime" "^7.10.1"
    classnames "^2.2.6"
    rc-menu "^8.0.1"
    rc-textarea "^0.3.0"
    rc-trigger "^5.0.4"
    rc-util "^5.0.1"

rc-menu@^8.0.1, rc-menu@^8.6.1, rc-menu@~8.10.0:
  version "8.10.8"
  resolved "https://registry.yarnpkg.com/rc-menu/-/rc-menu-8.10.8.tgz#c3eb2158b3983e42a67192babad9c8128755d26a"
  dependencies:
    "@babel/runtime" "^7.10.1"
    classnames "2.x"
    mini-store "^3.0.1"
    rc-motion "^2.0.1"
    rc-trigger "^5.1.2"
    rc-util "^5.7.0"
    resize-observer-polyfill "^1.5.0"
    shallowequal "^1.1.0"

rc-motion@^2.0.0, rc-motion@^2.0.1, rc-motion@^2.2.0, rc-motion@^2.3.0, rc-motion@^2.3.4, rc-motion@^2.4.0:
  version "2.4.3"
  resolved "https://registry.yarnpkg.com/rc-motion/-/rc-motion-2.4.3.tgz#2afd129da8764ee0372ba83442949d8ecb1c7ad2"
  dependencies:
    "@babel/runtime" "^7.11.1"
    classnames "^2.2.1"
    rc-util "^5.2.1"

rc-notification@~4.5.2:
  version "4.5.5"
  resolved "https://registry.yarnpkg.com/rc-notification/-/rc-notification-4.5.5.tgz#9660a495d5f20bd677686e4f7fc00e4f0c1a3849"
  dependencies:
    "@babel/runtime" "^7.10.1"
    classnames "2.x"
    rc-motion "^2.2.0"
    rc-util "^5.0.1"

rc-overflow@^1.0.0:
  version "1.1.1"
  resolved "https://registry.yarnpkg.com/rc-overflow/-/rc-overflow-1.1.1.tgz#c465e75f115f1b4b0cbe5e05faf3a84469d18190"
  dependencies:
    "@babel/runtime" "^7.11.1"
    classnames "^2.2.1"
    rc-resize-observer "^1.0.0"
    rc-util "^5.5.1"

rc-pagination@~3.1.6:
  version "3.1.6"
  resolved "https://registry.yarnpkg.com/rc-pagination/-/rc-pagination-3.1.6.tgz#db3c06e50270b52fe272ac527c1fdc2c8d28af1f"
  dependencies:
    "@babel/runtime" "^7.10.1"
    classnames "^2.2.1"

rc-picker@~2.5.10:
  version "2.5.10"
  resolved "https://registry.yarnpkg.com/rc-picker/-/rc-picker-2.5.10.tgz#0db17c535a37abbe5d016bdcdfb13d6626f802d0"
  dependencies:
    "@babel/runtime" "^7.10.1"
    classnames "^2.2.1"
    date-fns "^2.15.0"
    moment "^2.24.0"
    rc-trigger "^5.0.4"
    rc-util "^5.4.0"
    shallowequal "^1.1.0"

rc-progress@~3.1.0:
  version "3.1.4"
  resolved "https://registry.yarnpkg.com/rc-progress/-/rc-progress-3.1.4.tgz#66040d0fae7d8ced2b38588378eccb2864bad615"
  dependencies:
    "@babel/runtime" "^7.10.1"
    classnames "^2.2.6"

rc-rate@~2.9.0:
  version "2.9.1"
  resolved "https://registry.yarnpkg.com/rc-rate/-/rc-rate-2.9.1.tgz#e43cb95c4eb90a2c1e0b16ec6614d8c43530a731"
  dependencies:
    "@babel/runtime" "^7.10.1"
    classnames "^2.2.5"
    rc-util "^5.0.1"

rc-resize-observer@^1.0.0:
  version "1.0.0"
  resolved "https://registry.yarnpkg.com/rc-resize-observer/-/rc-resize-observer-1.0.0.tgz#97fb89856f62fec32ab6e40933935cf58e2e102d"
  dependencies:
    "@babel/runtime" "^7.10.1"
    classnames "^2.2.1"
    rc-util "^5.0.0"
    resize-observer-polyfill "^1.5.1"

rc-select@^12.0.0, rc-select@~12.1.6:
  version "12.1.10"
  resolved "https://registry.yarnpkg.com/rc-select/-/rc-select-12.1.10.tgz#66ce43192751190b7c0e9a0ab1ef79606421ce30"
  dependencies:
    "@babel/runtime" "^7.10.1"
    classnames "2.x"
    rc-motion "^2.0.1"
    rc-overflow "^1.0.0"
    rc-trigger "^5.0.4"
    rc-util "^5.9.8"
    rc-virtual-list "^3.2.0"

rc-slider@~9.7.1:
  version "9.7.2"
  resolved "https://registry.yarnpkg.com/rc-slider/-/rc-slider-9.7.2.tgz#282f571f7582752ebaa33964e441184f4e79ad74"
  dependencies:
    "@babel/runtime" "^7.10.1"
    classnames "^2.2.5"
    rc-tooltip "^5.0.1"
    rc-util "^5.0.0"
    shallowequal "^1.1.0"

rc-steps@~4.1.0:
  version "4.1.3"
  resolved "https://registry.yarnpkg.com/rc-steps/-/rc-steps-4.1.3.tgz#208580e22db619e3830ddb7fa41bc886c65d9803"
  dependencies:
    "@babel/runtime" "^7.10.2"
    classnames "^2.2.3"
    rc-util "^5.0.1"

rc-switch@~3.2.0:
  version "3.2.2"
  resolved "https://registry.yarnpkg.com/rc-switch/-/rc-switch-3.2.2.tgz#d001f77f12664d52595b4f6fb425dd9e66fba8e8"
  dependencies:
    "@babel/runtime" "^7.10.1"
    classnames "^2.2.1"
    rc-util "^5.0.1"

rc-table@~7.13.0:
  version "7.13.3"
  resolved "https://registry.yarnpkg.com/rc-table/-/rc-table-7.13.3.tgz#25d5f5ec47ee2d8a293aff18c4c4b8876f78c22b"
  dependencies:
    "@babel/runtime" "^7.10.1"
    classnames "^2.2.5"
    rc-resize-observer "^1.0.0"
    rc-util "^5.4.0"
    shallowequal "^1.1.0"

rc-tabs@~11.7.0:
  version "11.7.3"
  resolved "https://registry.yarnpkg.com/rc-tabs/-/rc-tabs-11.7.3.tgz#32a30e59c6992d60fb58115ba0bf2652b337ed43"
  dependencies:
    "@babel/runtime" "^7.11.2"
    classnames "2.x"
    rc-dropdown "^3.1.3"
    rc-menu "^8.6.1"
    rc-resize-observer "^1.0.0"
    rc-util "^5.5.0"

rc-textarea@^0.3.0, rc-textarea@~0.3.0:
  version "0.3.4"
  resolved "https://registry.yarnpkg.com/rc-textarea/-/rc-textarea-0.3.4.tgz#1408a64c87b5e76db5c847699ef9ab5ee97dd6f9"
  dependencies:
    "@babel/runtime" "^7.10.1"
    classnames "^2.2.1"
    rc-resize-observer "^1.0.0"
    rc-util "^5.7.0"

rc-tooltip@^5.0.1, rc-tooltip@~5.1.1:
  version "5.1.1"
  resolved "https://registry.yarnpkg.com/rc-tooltip/-/rc-tooltip-5.1.1.tgz#94178ed162d0252bc4993b725f5dc2ac0fccf154"
  dependencies:
    "@babel/runtime" "^7.11.2"
    rc-trigger "^5.0.0"

rc-tree-select@~4.3.0:
  version "4.3.2"
  resolved "https://registry.yarnpkg.com/rc-tree-select/-/rc-tree-select-4.3.2.tgz#94031e36c819ae23e5154953538d00cc316a7fc0"
  dependencies:
    "@babel/runtime" "^7.10.1"
    classnames "2.x"
    rc-select "^12.0.0"
    rc-tree "^4.0.0"
    rc-util "^5.0.5"

rc-tree@^4.0.0, rc-tree@~4.1.0:
  version "4.1.5"
  resolved "https://registry.yarnpkg.com/rc-tree/-/rc-tree-4.1.5.tgz#734ab1bfe835e78791be41442ca0e571147ab6fa"
  dependencies:
    "@babel/runtime" "^7.10.1"
    classnames "2.x"
    rc-motion "^2.0.1"
    rc-util "^5.0.0"
    rc-virtual-list "^3.0.1"

rc-trigger@^5.0.0, rc-trigger@^5.0.4, rc-trigger@^5.1.2, rc-trigger@^5.2.1:
  version "5.2.8"
  resolved "https://registry.yarnpkg.com/rc-trigger/-/rc-trigger-5.2.8.tgz#27c8291c24518b8f11d76c848f5424e0c429e94a"
  dependencies:
    "@babel/runtime" "^7.11.2"
    classnames "^2.2.6"
    rc-align "^4.0.0"
    rc-motion "^2.0.0"
    rc-util "^5.5.0"

rc-upload@~4.3.0:
  version "4.3.0"
  resolved "https://registry.yarnpkg.com/rc-upload/-/rc-upload-4.3.0.tgz#2fbbd11242f730802b900c09b469f28437bac0ff"
  dependencies:
    "@babel/runtime" "^7.10.1"
    classnames "^2.2.5"
    rc-util "^5.2.0"

rc-util@^5.0.0, rc-util@^5.0.1, rc-util@^5.0.5, rc-util@^5.0.6, rc-util@^5.0.7, rc-util@^5.2.0, rc-util@^5.2.1, rc-util@^5.3.0, rc-util@^5.4.0, rc-util@^5.5.0, rc-util@^5.5.1, rc-util@^5.6.1, rc-util@^5.7.0, rc-util@^5.8.0, rc-util@^5.9.4, rc-util@^5.9.8:
  version "5.13.0"
  resolved "https://registry.yarnpkg.com/rc-util/-/rc-util-5.13.0.tgz#ca7e428644c361ff32760497357f6859883b0111"
  dependencies:
    "@babel/runtime" "^7.12.5"
    react-is "^16.12.0"
    shallowequal "^1.1.0"

rc-virtual-list@^3.0.1, rc-virtual-list@^3.2.0:
  version "3.2.6"
  resolved "https://registry.yarnpkg.com/rc-virtual-list/-/rc-virtual-list-3.2.6.tgz#2c92a40f4425e19881b38134d6bd286a11137d2d"
  dependencies:
    classnames "^2.2.6"
    rc-resize-observer "^1.0.0"
    rc-util "^5.0.7"

react-dom@^16.8.0:
  version "16.14.0"
  resolved "https://registry.yarnpkg.com/react-dom/-/react-dom-16.14.0.tgz#7ad838ec29a777fb3c75c3a190f661cf92ab8b89"
  dependencies:
    loose-envify "^1.1.0"
    object-assign "^4.1.1"
    prop-types "^15.6.2"
    scheduler "^0.19.1"

react-dom@^17.0.2:
  version "17.0.2"
  resolved "https://registry.yarnpkg.com/react-dom/-/react-dom-17.0.2.tgz#ecffb6845e3ad8dbfcdc498f0d0a939736502c23"
  dependencies:
    loose-envify "^1.1.0"
    object-assign "^4.1.1"
    scheduler "^0.20.2"

react-is@^16.12.0, react-is@^16.7.0, react-is@^16.8.1:
  version "16.13.1"
  resolved "https://registry.yarnpkg.com/react-is/-/react-is-16.13.1.tgz#789729a4dc36de2999dc156dd6c1d9c18cea56a4"

react-native-camera-roll-picker@1.2.3:
  version "1.2.3"
  resolved "https://registry.yarnpkg.com/react-native-camera-roll-picker/-/react-native-camera-roll-picker-1.2.3.tgz#b117fd3a2b9012dcccee1261a9bc427226b8d6d2"

react@^16.8.0:
  version "16.14.0"
  resolved "https://registry.yarnpkg.com/react/-/react-16.14.0.tgz#94d776ddd0aaa37da3eda8fc5b6b18a4c9a3114d"
  dependencies:
    loose-envify "^1.1.0"
    object-assign "^4.1.1"
    prop-types "^15.6.2"

react@^17.0.2:
  version "17.0.2"
  resolved "https://registry.yarnpkg.com/react/-/react-17.0.2.tgz#d0b5cc516d29eb3eee383f75b62864cfb6800037"
  dependencies:
    loose-envify "^1.1.0"
    object-assign "^4.1.1"

readdirp@~3.5.0:
  version "3.5.0"
  resolved "https://registry.nlark.com/readdirp/download/readdirp-3.5.0.tgz#9ba74c019b15d365278d2e91bb8c48d7b4d42c9e"
  integrity sha1-m6dMAZsV02UnjS6Ru4xI17TULJ4=
  dependencies:
    picomatch "^2.2.1"

regenerator-runtime@^0.13.4:
  version "0.13.7"
  resolved "https://registry.yarnpkg.com/regenerator-runtime/-/regenerator-runtime-0.13.7.tgz#cac2dacc8a1ea675feaabaeb8ae833898ae46f55"

resize-observer-polyfill@^1.5.0, resize-observer-polyfill@^1.5.1:
  version "1.5.1"
  resolved "https://registry.yarnpkg.com/resize-observer-polyfill/-/resize-observer-polyfill-1.5.1.tgz#0e9020dd3d21024458d4ebd27e23e40269810464"

rimraf@^3.0.2:
  version "3.0.2"
  resolved "https://registry.yarnpkg.com/rimraf/-/rimraf-3.0.2.tgz#f1a5402ba6220ad52cc1282bac1ae3aa49fd061a"
  dependencies:
    glob "^7.1.3"

"safer-buffer@>= 2.1.2 < 3":
  version "2.1.2"
  resolved "https://registry.nlark.com/safer-buffer/download/safer-buffer-2.1.2.tgz#44fa161b0187b9549dd84bb91802f9bd8385cd6a"
  integrity sha1-RPoWGwGHuVSd2Eu5GAL5vYOFzWo=

sass@^1.34.0:
  version "1.34.0"
  resolved "https://registry.nlark.com/sass/download/sass-1.34.0.tgz?cache=0&sync_timestamp=1621664304737&other_urls=https%3A%2F%2Fregistry.nlark.com%2Fsass%2Fdownload%2Fsass-1.34.0.tgz#e46d5932d8b0ecc4feb846d861f26a578f7f7172"
  integrity sha1-5G1ZMtiw7MT+uEbYYfJqV49/cXI=
  dependencies:
    chokidar ">=3.0.0 <4.0.0"

sax@^1.2.4:
  version "1.2.4"
  resolved "https://registry.nlark.com/sax/download/sax-1.2.4.tgz#2816234e2378bddc4e5354fab5caa895df7100d9"
  integrity sha1-KBYjTiN4vdxOU1T6tcqold9xANk=

scheduler@^0.19.1:
  version "0.19.1"
  resolved "https://registry.yarnpkg.com/scheduler/-/scheduler-0.19.1.tgz#4f3e2ed2c1a7d65681f4c854fa8c5a1ccb40f196"
  dependencies:
    loose-envify "^1.1.0"
    object-assign "^4.1.1"

scheduler@^0.20.2:
  version "0.20.2"
  resolved "https://registry.yarnpkg.com/scheduler/-/scheduler-0.20.2.tgz#4baee39436e34aa93b4874bddcbf0fe8b8b50e91"
  dependencies:
    loose-envify "^1.1.0"
    object-assign "^4.1.1"

scroll-into-view-if-needed@^2.2.25:
  version "2.2.28"
  resolved "https://registry.yarnpkg.com/scroll-into-view-if-needed/-/scroll-into-view-if-needed-2.2.28.tgz#5a15b2f58a52642c88c8eca584644e01703d645a"
  dependencies:
    compute-scroll-into-view "^1.0.17"

semver@^5.6.0:
  version "5.7.1"
  resolved "https://registry.npm.taobao.org/semver/download/semver-5.7.1.tgz?cache=0&sync_timestamp=1616463641178&other_urls=https%3A%2F%2Fregistry.npm.taobao.org%2Fsemver%2Fdownload%2Fsemver-5.7.1.tgz#a954f931aeba508d307bbf069eff0c01c96116f7"
  integrity sha1-qVT5Ma66UI0we78Gnv8MAclhFvc=

shallowequal@^1.0.2, shallowequal@^1.1.0:
  version "1.1.0"
  resolved "https://registry.yarnpkg.com/shallowequal/-/shallowequal-1.1.0.tgz#188d521de95b9087404fd4dcb68b13df0ae4e7f8"

simple-swizzle@^0.2.2:
  version "0.2.2"
  resolved "https://registry.yarnpkg.com/simple-swizzle/-/simple-swizzle-0.2.2.tgz#a4da6b635ffcccca33f70d17cb92592de95e557a"
  dependencies:
    is-arrayish "^0.3.1"

source-map-js@^0.6.2:
  version "0.6.2"
  resolved "https://registry.yarnpkg.com/source-map-js/-/source-map-js-0.6.2.tgz#0bb5de631b41cfbda6cfba8bd05a80efdfd2385e"

source-map@~0.6.0:
  version "0.6.1"
  resolved "https://registry.nlark.com/source-map/download/source-map-0.6.1.tgz?cache=0&other_urls=https%3A%2F%2Fregistry.nlark.com%2Fsource-map%2Fdownload%2Fsource-map-0.6.1.tgz#74722af32e9614e9c287a8d0bbde48b5e2f1a263"
  integrity sha1-dHIq8y6WFOnCh6jQu95IteLxomM=

string-convert@^0.2.0:
  version "0.2.1"
  resolved "https://registry.yarnpkg.com/string-convert/-/string-convert-0.2.1.tgz#6982cc3049fbb4cd85f8b24568b9d9bf39eeff97"

to-regex-range@^5.0.1:
  version "5.0.1"
  resolved "https://registry.nlark.com/to-regex-range/download/to-regex-range-5.0.1.tgz#1648c44aae7c8d988a326018ed72f5b4dd0392e4"
  integrity sha1-FkjESq58jZiKMmAY7XL1tN0DkuQ=
  dependencies:
    is-number "^7.0.0"

toggle-selection@^1.0.6:
  version "1.0.6"
  resolved "https://registry.yarnpkg.com/toggle-selection/-/toggle-selection-1.0.6.tgz#6e45b1263f2017fa0acc7d89d78b15b8bf77da32"

tslib@^1.10.0:
  version "1.14.1"
  resolved "https://registry.npm.taobao.org/tslib/download/tslib-1.14.1.tgz?cache=0&sync_timestamp=1617647331485&other_urls=https%3A%2F%2Fregistry.npm.taobao.org%2Ftslib%2Fdownload%2Ftslib-1.14.1.tgz#cf2d38bdc34a134bcaf1091c41f6619e2f672d00"
  integrity sha1-zy04vcNKE0vK8QkcQfZhni9nLQA=

warning@^4.0.1, warning@^4.0.3:
  version "4.0.3"
  resolved "https://registry.yarnpkg.com/warning/-/warning-4.0.3.tgz#16e9e077eb8a86d6af7d64aa1e05fd85b4678ca3"
  dependencies:
    loose-envify "^1.0.0"

wrappy@1:
  version "1.0.2"
  resolved "https://registry.yarnpkg.com/wrappy/-/wrappy-1.0.2.tgz#b5243d8f3ec1aa35f1364605bc0d1036e30ab69f"

zarm-form-render@^1.1.2:
  version "1.1.3"
  resolved "https://registry.yarnpkg.com/zarm-form-render/-/zarm-form-render-1.1.3.tgz#27efd7befcc1b249282cf0b9f9ecbaea37af15c2"
  dependencies:
    react "^16.8.0"
    react-dom "^16.8.0"
    zarm "^2.8.1"

zarm@^2.8.1, zarm@^2.9.0:
  version "2.9.0"
  resolved "https://registry.yarnpkg.com/zarm/-/zarm-2.9.0.tgz#8f3344dbc0b8ab598905e9458f44addcd2119161"
  dependencies:
    "@zarm-design/icons" "^0.1.0"
    better-scroll "2.0.7"
    classnames "2.2.6"
    color "^3.1.3"
    hoist-non-react-statics "^3.3.0"
    lodash "^4.17.15"
    normalize.css "8.0.1"
    popper.js "^1.15.0"
    raf "^3.4.1"
    react-native-camera-roll-picker "1.2.3"
